// !$*UTF8*$!
{
	archiveVersion = 1;
	classes = {
	};
	objectVersion = 46;
	objects = {

/* Begin PBXBuildFile section */
		F1764B4617C97A2E00AC129A /* AudioToolbox.framework in Frameworks */ = {isa = PBXBuildFile; fileRef = F1764B4517C97A2E00AC129A /* AudioToolbox.framework */; };
		F1764B4917C9828700AC129A /* end beep.mp3 in Resources */ = {isa = PBXBuildFile; fileRef = F1764B4717C9828700AC129A /* end beep.mp3 */; };
		F1764B4A17C9828700AC129A /* tick - 1s.mp3 in Resources */ = {isa = PBXBuildFile; fileRef = F1764B4817C9828700AC129A /* tick - 1s.mp3 */; };
		F1764B4C17C9B71C00AC129A /* beep-7.mp3 in Resources */ = {isa = PBXBuildFile; fileRef = F1764B4B17C9B71C00AC129A /* beep-7.mp3 */; };
		F1FAB59817C1A5E000742AA4 /* UIKit.framework in Frameworks */ = {isa = PBXBuildFile; fileRef = F1FAB59717C1A5E000742AA4 /* UIKit.framework */; };
		F1FAB59A17C1A5E000742AA4 /* Foundation.framework in Frameworks */ = {isa = PBXBuildFile; fileRef = F1FAB59917C1A5E000742AA4 /* Foundation.framework */; };
		F1FAB59C17C1A5E000742AA4 /* CoreGraphics.framework in Frameworks */ = {isa = PBXBuildFile; fileRef = F1FAB59B17C1A5E000742AA4 /* CoreGraphics.framework */; };
		F1FAB5A217C1A5E000742AA4 /* InfoPlist.strings in Resources */ = {isa = PBXBuildFile; fileRef = F1FAB5A017C1A5E000742AA4 /* InfoPlist.strings */; };
		F1FAB5A417C1A5E000742AA4 /* main.m in Sources */ = {isa = PBXBuildFile; fileRef = F1FAB5A317C1A5E000742AA4 /* main.m */; };
		F1FAB5A817C1A5E000742AA4 /* AppDelegate.m in Sources */ = {isa = PBXBuildFile; fileRef = F1FAB5A717C1A5E000742AA4 /* AppDelegate.m */; };
		F1FAB5AA17C1A5E000742AA4 /* Default.png in Resources */ = {isa = PBXBuildFile; fileRef = F1FAB5A917C1A5E000742AA4 /* Default.png */; };
		F1FAB5AC17C1A5E000742AA4 /* Default@2x.png in Resources */ = {isa = PBXBuildFile; fileRef = F1FAB5AB17C1A5E000742AA4 /* Default@2x.png */; };
		F1FAB5AE17C1A5E000742AA4 /* Default-568h@2x.png in Resources */ = {isa = PBXBuildFile; fileRef = F1FAB5AD17C1A5E000742AA4 /* Default-568h@2x.png */; };
		F1FAB5B117C1A5E000742AA4 /* ViewController.m in Sources */ = {isa = PBXBuildFile; fileRef = F1FAB5B017C1A5E000742AA4 /* ViewController.m */; };
		F1FAB5B417C1A5E000742AA4 /* ViewController.xib in Resources */ = {isa = PBXBuildFile; fileRef = F1FAB5B217C1A5E000742AA4 /* ViewController.xib */; };
		F1FAB5BC17C1A5E100742AA4 /* SenTestingKit.framework in Frameworks */ = {isa = PBXBuildFile; fileRef = F1FAB5BB17C1A5E100742AA4 /* SenTestingKit.framework */; };
		F1FAB5BD17C1A5E100742AA4 /* UIKit.framework in Frameworks */ = {isa = PBXBuildFile; fileRef = F1FAB59717C1A5E000742AA4 /* UIKit.framework */; };
		F1FAB5BE17C1A5E100742AA4 /* Foundation.framework in Frameworks */ = {isa = PBXBuildFile; fileRef = F1FAB59917C1A5E000742AA4 /* Foundation.framework */; };
		F1FAB5C617C1A5E100742AA4 /* InfoPlist.strings in Resources */ = {isa = PBXBuildFile; fileRef = F1FAB5C417C1A5E100742AA4 /* InfoPlist.strings */; };
		F1FAB5C917C1A5E100742AA4 /* MongooseFixedTests.m in Sources */ = {isa = PBXBuildFile; fileRef = F1FAB5C817C1A5E100742AA4 /* MongooseFixedTests.m */; };
		F1FAB5D317C1D21300742AA4 /* QuartzCore.framework in Frameworks */ = {isa = PBXBuildFile; fileRef = F1FAB5D217C1D21300742AA4 /* QuartzCore.framework */; };
/* End PBXBuildFile section */

/* Begin PBXContainerItemProxy section */
		F1FAB5BF17C1A5E100742AA4 /* PBXContainerItemProxy */ = {
			isa = PBXContainerItemProxy;
			containerPortal = F1FAB58C17C1A5E000742AA4 /* Project object */;
			proxyType = 1;
			remoteGlobalIDString = F1FAB59317C1A5E000742AA4;
			remoteInfo = MongooseFixed;
		};
/* End PBXContainerItemProxy section */

/* Begin PBXFileReference section */
		F1764B4517C97A2E00AC129A /* AudioToolbox.framework */ = {isa = PBXFileReference; lastKnownFileType = wrapper.framework; name = AudioToolbox.framework; path = System/Library/Frameworks/AudioToolbox.framework; sourceTree = SDKROOT; };
		F1764B4717C9828700AC129A /* end beep.mp3 */ = {isa = PBXFileReference; lastKnownFileType = audio.mp3; name = "end beep.mp3"; path = "Assets/end beep.mp3"; sourceTree = "<group>"; };
		F1764B4817C9828700AC129A /* tick - 1s.mp3 */ = {isa = PBXFileReference; lastKnownFileType = audio.mp3; name = "tick - 1s.mp3"; path = "Assets/tick - 1s.mp3"; sourceTree = "<group>"; };
		F1764B4B17C9B71C00AC129A /* beep-7.mp3 */ = {isa = PBXFileReference; lastKnownFileType = audio.mp3; name = "beep-7.mp3"; path = "Assets/beep-7.mp3"; sourceTree = "<group>"; };
		F1FAB59417C1A5E000742AA4 /* MongooseFixed.app */ = {isa = PBXFileReference; explicitFileType = wrapper.application; includeInIndex = 0; path = MongooseFixed.app; sourceTree = BUILT_PRODUCTS_DIR; };
		F1FAB59717C1A5E000742AA4 /* UIKit.framework */ = {isa = PBXFileReference; lastKnownFileType = wrapper.framework; name = UIKit.framework; path = System/Library/Frameworks/UIKit.framework; sourceTree = SDKROOT; };
		F1FAB59917C1A5E000742AA4 /* Foundation.framework */ = {isa = PBXFileReference; lastKnownFileType = wrapper.framework; name = Foundation.framework; path = System/Library/Frameworks/Foundation.framework; sourceTree = SDKROOT; };
		F1FAB59B17C1A5E000742AA4 /* CoreGraphics.framework */ = {isa = PBXFileReference; lastKnownFileType = wrapper.framework; name = CoreGraphics.framework; path = System/Library/Frameworks/CoreGraphics.framework; sourceTree = SDKROOT; };
		F1FAB59F17C1A5E000742AA4 /* MongooseFixed-Info.plist */ = {isa = PBXFileReference; lastKnownFileType = text.plist.xml; path = "MongooseFixed-Info.plist"; sourceTree = "<group>"; };
		F1FAB5A117C1A5E000742AA4 /* en */ = {isa = PBXFileReference; lastKnownFileType = text.plist.strings; name = en; path = en.lproj/InfoPlist.strings; sourceTree = "<group>"; };
		F1FAB5A317C1A5E000742AA4 /* main.m */ = {isa = PBXFileReference; lastKnownFileType = sourcecode.c.objc; path = main.m; sourceTree = "<group>"; };
		F1FAB5A517C1A5E000742AA4 /* MongooseFixed-Prefix.pch */ = {isa = PBXFileReference; lastKnownFileType = sourcecode.c.h; path = "MongooseFixed-Prefix.pch"; sourceTree = "<group>"; };
		F1FAB5A617C1A5E000742AA4 /* AppDelegate.h */ = {isa = PBXFileReference; lastKnownFileType = sourcecode.c.h; path = AppDelegate.h; sourceTree = "<group>"; };
		F1FAB5A717C1A5E000742AA4 /* AppDelegate.m */ = {isa = PBXFileReference; lastKnownFileType = sourcecode.c.objc; path = AppDelegate.m; sourceTree = "<group>"; };
		F1FAB5A917C1A5E000742AA4 /* Default.png */ = {isa = PBXFileReference; lastKnownFileType = image.png; path = Default.png; sourceTree = "<group>"; };
		F1FAB5AB17C1A5E000742AA4 /* Default@2x.png */ = {isa = PBXFileReference; lastKnownFileType = image.png; path = "Default@2x.png"; sourceTree = "<group>"; };
		F1FAB5AD17C1A5E000742AA4 /* Default-568h@2x.png */ = {isa = PBXFileReference; lastKnownFileType = image.png; path = "Default-568h@2x.png"; sourceTree = "<group>"; };
		F1FAB5AF17C1A5E000742AA4 /* ViewController.h */ = {isa = PBXFileReference; lastKnownFileType = sourcecode.c.h; path = ViewController.h; sourceTree = "<group>"; };
		F1FAB5B017C1A5E000742AA4 /* ViewController.m */ = {isa = PBXFileReference; lastKnownFileType = sourcecode.c.objc; path = ViewController.m; sourceTree = "<group>"; };
		F1FAB5B317C1A5E000742AA4 /* en */ = {isa = PBXFileReference; lastKnownFileType = file.xib; name = en; path = en.lproj/ViewController.xib; sourceTree = "<group>"; };
		F1FAB5BA17C1A5E100742AA4 /* MongooseFixedTests.octest */ = {isa = PBXFileReference; explicitFileType = wrapper.cfbundle; includeInIndex = 0; path = MongooseFixedTests.octest; sourceTree = BUILT_PRODUCTS_DIR; };
		F1FAB5BB17C1A5E100742AA4 /* SenTestingKit.framework */ = {isa = PBXFileReference; lastKnownFileType = wrapper.framework; name = SenTestingKit.framework; path = Library/Frameworks/SenTestingKit.framework; sourceTree = DEVELOPER_DIR; };
		F1FAB5C317C1A5E100742AA4 /* MongooseFixedTests-Info.plist */ = {isa = PBXFileReference; lastKnownFileType = text.plist.xml; path = "MongooseFixedTests-Info.plist"; sourceTree = "<group>"; };
		F1FAB5C517C1A5E100742AA4 /* en */ = {isa = PBXFileReference; lastKnownFileType = text.plist.strings; name = en; path = en.lproj/InfoPlist.strings; sourceTree = "<group>"; };
		F1FAB5C717C1A5E100742AA4 /* MongooseFixedTests.h */ = {isa = PBXFileReference; lastKnownFileType = sourcecode.c.h; path = MongooseFixedTests.h; sourceTree = "<group>"; };
		F1FAB5C817C1A5E100742AA4 /* MongooseFixedTests.m */ = {isa = PBXFileReference; lastKnownFileType = sourcecode.c.objc; path = MongooseFixedTests.m; sourceTree = "<group>"; };
		F1FAB5D217C1D21300742AA4 /* QuartzCore.framework */ = {isa = PBXFileReference; lastKnownFileType = wrapper.framework; name = QuartzCore.framework; path = System/Library/Frameworks/QuartzCore.framework; sourceTree = SDKROOT; };
/* End PBXFileReference section */

/* Begin PBXFrameworksBuildPhase section */
		F1FAB59117C1A5E000742AA4 /* Frameworks */ = {
			isa = PBXFrameworksBuildPhase;
			buildActionMask = 2147483647;
			files = (
				F1FAB59817C1A5E000742AA4 /* UIKit.framework in Frameworks */,
				F1FAB59A17C1A5E000742AA4 /* Foundation.framework in Frameworks */,
				F1FAB59C17C1A5E000742AA4 /* CoreGraphics.framework in Frameworks */,
				F1FAB5D317C1D21300742AA4 /* QuartzCore.framework in Frameworks */,
				F1764B4617C97A2E00AC129A /* AudioToolbox.framework in Frameworks */,
			);
			runOnlyForDeploymentPostprocessing = 0;
		};
		F1FAB5B617C1A5E100742AA4 /* Frameworks */ = {
			isa = PBXFrameworksBuildPhase;
			buildActionMask = 2147483647;
			files = (
				F1FAB5BC17C1A5E100742AA4 /* SenTestingKit.framework in Frameworks */,
				F1FAB5BD17C1A5E100742AA4 /* UIKit.framework in Frameworks */,
				F1FAB5BE17C1A5E100742AA4 /* Foundation.framework in Frameworks */,
			);
			runOnlyForDeploymentPostprocessing = 0;
		};
/* End PBXFrameworksBuildPhase section */

/* Begin PBXGroup section */
		F1764B4D17C9B94E00AC129A /* Resources */ = {
			isa = PBXGroup;
			children = (
				F1764B4B17C9B71C00AC129A /* beep-7.mp3 */,
				F1764B4717C9828700AC129A /* end beep.mp3 */,
				F1764B4817C9828700AC129A /* tick - 1s.mp3 */,
			);
			name = Resources;
			sourceTree = "<group>";
		};
		F1FAB58B17C1A5E000742AA4 = {
			isa = PBXGroup;
			children = (
				F1FAB59D17C1A5E000742AA4 /* MongooseFixed */,
				F1FAB5C117C1A5E100742AA4 /* MongooseFixedTests */,
				F1764B4D17C9B94E00AC129A /* Resources */,
				F1FAB59617C1A5E000742AA4 /* Frameworks */,
				F1FAB59517C1A5E000742AA4 /* Products */,
			);
			sourceTree = "<group>";
		};
		F1FAB59517C1A5E000742AA4 /* Products */ = {
			isa = PBXGroup;
			children = (
				F1FAB59417C1A5E000742AA4 /* MongooseFixed.app */,
				F1FAB5BA17C1A5E100742AA4 /* MongooseFixedTests.octest */,
			);
			name = Products;
			sourceTree = "<group>";
		};
		F1FAB59617C1A5E000742AA4 /* Frameworks */ = {
			isa = PBXGroup;
			children = (
				F1764B4517C97A2E00AC129A /* AudioToolbox.framework */,
				F1FAB5D217C1D21300742AA4 /* QuartzCore.framework */,
				F1FAB59717C1A5E000742AA4 /* UIKit.framework */,
				F1FAB59917C1A5E000742AA4 /* Foundation.framework */,
				F1FAB59B17C1A5E000742AA4 /* CoreGraphics.framework */,
				F1FAB5BB17C1A5E100742AA4 /* SenTestingKit.framework */,
			);
			name = Frameworks;
			sourceTree = "<group>";
		};
		F1FAB59D17C1A5E000742AA4 /* MongooseFixed */ = {
			isa = PBXGroup;
			children = (
				F1FAB5A617C1A5E000742AA4 /* AppDelegate.h */,
				F1FAB5A717C1A5E000742AA4 /* AppDelegate.m */,
				F1FAB5AF17C1A5E000742AA4 /* ViewController.h */,
				F1FAB5B017C1A5E000742AA4 /* ViewController.m */,
				F1FAB5B217C1A5E000742AA4 /* ViewController.xib */,
				F1FAB59E17C1A5E000742AA4 /* Supporting Files */,
			);
			path = MongooseFixed;
			sourceTree = "<group>";
		};
		F1FAB59E17C1A5E000742AA4 /* Supporting Files */ = {
			isa = PBXGroup;
			children = (
				F1FAB59F17C1A5E000742AA4 /* MongooseFixed-Info.plist */,
				F1FAB5A017C1A5E000742AA4 /* InfoPlist.strings */,
				F1FAB5A317C1A5E000742AA4 /* main.m */,
				F1FAB5A517C1A5E000742AA4 /* MongooseFixed-Prefix.pch */,
				F1FAB5A917C1A5E000742AA4 /* Default.png */,
				F1FAB5AB17C1A5E000742AA4 /* Default@2x.png */,
				F1FAB5AD17C1A5E000742AA4 /* Default-568h@2x.png */,
			);
			name = "Supporting Files";
			sourceTree = "<group>";
		};
		F1FAB5C117C1A5E100742AA4 /* MongooseFixedTests */ = {
			isa = PBXGroup;
			children = (
				F1FAB5C717C1A5E100742AA4 /* MongooseFixedTests.h */,
				F1FAB5C817C1A5E100742AA4 /* MongooseFixedTests.m */,
				F1FAB5C217C1A5E100742AA4 /* Supporting Files */,
			);
			path = MongooseFixedTests;
			sourceTree = "<group>";
		};
		F1FAB5C217C1A5E100742AA4 /* Supporting Files */ = {
			isa = PBXGroup;
			children = (
				F1FAB5C317C1A5E100742AA4 /* MongooseFixedTests-Info.plist */,
				F1FAB5C417C1A5E100742AA4 /* InfoPlist.strings */,
			);
			name = "Supporting Files";
			sourceTree = "<group>";
		};
/* End PBXGroup section */

/* Begin PBXNativeTarget section */
		F1FAB59317C1A5E000742AA4 /* MongooseFixed */ = {
			isa = PBXNativeTarget;
			buildConfigurationList = F1FAB5CC17C1A5E100742AA4 /* Build configuration list for PBXNativeTarget "MongooseFixed" */;
			buildPhases = (
				F1FAB59017C1A5E000742AA4 /* Sources */,
				F1FAB59117C1A5E000742AA4 /* Frameworks */,
				F1FAB59217C1A5E000742AA4 /* Resources */,
			);
			buildRules = (
			);
			dependencies = (
			);
			name = MongooseFixed;
			productName = MongooseFixed;
			productReference = F1FAB59417C1A5E000742AA4 /* MongooseFixed.app */;
			productType = "com.apple.product-type.application";
		};
		F1FAB5B917C1A5E100742AA4 /* MongooseFixedTests */ = {
			isa = PBXNativeTarget;
			buildConfigurationList = F1FAB5CF17C1A5E100742AA4 /* Build configuration list for PBXNativeTarget "MongooseFixedTests" */;
			buildPhases = (
				F1FAB5B517C1A5E100742AA4 /* Sources */,
				F1FAB5B617C1A5E100742AA4 /* Frameworks */,
				F1FAB5B717C1A5E100742AA4 /* Resources */,
				F1FAB5B817C1A5E100742AA4 /* ShellScript */,
			);
			buildRules = (
			);
			dependencies = (
				F1FAB5C017C1A5E100742AA4 /* PBXTargetDependency */,
			);
			name = MongooseFixedTests;
			productName = MongooseFixedTests;
			productReference = F1FAB5BA17C1A5E100742AA4 /* MongooseFixedTests.octest */;
			productType = "com.apple.product-type.bundle";
		};
/* End PBXNativeTarget section */

/* Begin PBXProject section */
		F1FAB58C17C1A5E000742AA4 /* Project object */ = {
			isa = PBXProject;
			attributes = {
				LastUpgradeCheck = 0460;
				ORGANIZATIONNAME = "Robert Handsfield";
			};
			buildConfigurationList = F1FAB58F17C1A5E000742AA4 /* Build configuration list for PBXProject "MongooseFixed" */;
			compatibilityVersion = "Xcode 3.2";
			developmentRegion = English;
			hasScannedForEncodings = 0;
			knownRegions = (
				en,
			);
			mainGroup = F1FAB58B17C1A5E000742AA4;
			productRefGroup = F1FAB59517C1A5E000742AA4 /* Products */;
			projectDirPath = "";
			projectRoot = "";
			targets = (
				F1FAB59317C1A5E000742AA4 /* MongooseFixed */,
				F1FAB5B917C1A5E100742AA4 /* MongooseFixedTests */,
			);
		};
/* End PBXProject section */

/* Begin PBXResourcesBuildPhase section */
		F1FAB59217C1A5E000742AA4 /* Resources */ = {
			isa = PBXResourcesBuildPhase;
			buildActionMask = 2147483647;
			files = (
				F1764B4C17C9B71C00AC129A /* beep-7.mp3 in Resources */,
				F1764B4917C9828700AC129A /* end beep.mp3 in Resources */,
				F1764B4A17C9828700AC129A /* tick - 1s.mp3 in Resources */,
				F1FAB5A217C1A5E000742AA4 /* InfoPlist.strings in Resources */,
				F1FAB5AA17C1A5E000742AA4 /* Default.png in Resources */,
				F1FAB5AC17C1A5E000742AA4 /* Default@2x.png in Resources */,
				F1FAB5AE17C1A5E000742AA4 /* Default-568h@2x.png in Resources */,
				F1FAB5B417C1A5E000742AA4 /* ViewController.xib in Resources */,
			);
			runOnlyForDeploymentPostprocessing = 0;
		};
		F1FAB5B717C1A5E100742AA4 /* Resources */ = {
			isa = PBXResourcesBuildPhase;
			buildActionMask = 2147483647;
			files = (
				F1FAB5C617C1A5E100742AA4 /* InfoPlist.strings in Resources */,
			);
			runOnlyForDeploymentPostprocessing = 0;
		};
/* End PBXResourcesBuildPhase section */

/* Begin PBXShellScriptBuildPhase section */
		F1FAB5B817C1A5E100742AA4 /* ShellScript */ = {
			isa = PBXShellScriptBuildPhase;
			buildActionMask = 2147483647;
			files = (
			);
			inputPaths = (
			);
			outputPaths = (
			);
			runOnlyForDeploymentPostprocessing = 0;
			shellPath = /bin/sh;
			shellScript = "# Run the unit tests in this test bundle.\n\"${SYSTEM_DEVELOPER_DIR}/Tools/RunUnitTests\"\n";
		};
/* End PBXShellScriptBuildPhase section */

/* Begin PBXSourcesBuildPhase section */
		F1FAB59017C1A5E000742AA4 /* Sources */ = {
			isa = PBXSourcesBuildPhase;
			buildActionMask = 2147483647;
			files = (
				F1FAB5A417C1A5E000742AA4 /* main.m in Sources */,
				F1FAB5A817C1A5E000742AA4 /* AppDelegate.m in Sources */,
				F1FAB5B117C1A5E000742AA4 /* ViewController.m in Sources */,
			);
			runOnlyForDeploymentPostprocessing = 0;
		};
		F1FAB5B517C1A5E100742AA4 /* Sources */ = {
			isa = PBXSourcesBuildPhase;
			buildActionMask = 2147483647;
			files = (
				F1FAB5C917C1A5E100742AA4 /* MongooseFixedTests.m in Sources */,
			);
			runOnlyForDeploymentPostprocessing = 0;
		};
/* End PBXSourcesBuildPhase section */

/* Begin PBXTargetDependency section */
		F1FAB5C017C1A5E100742AA4 /* PBXTargetDependency */ = {
			isa = PBXTargetDependency;
			target = F1FAB59317C1A5E000742AA4 /* MongooseFixed */;
			targetProxy = F1FAB5BF17C1A5E100742AA4 /* PBXContainerItemProxy */;
		};
/* End PBXTargetDependency section */

/* Begin PBXVariantGroup section */
		F1FAB5A017C1A5E000742AA4 /* InfoPlist.strings */ = {
			isa = PBXVariantGroup;
			children = (
				F1FAB5A117C1A5E000742AA4 /* en */,
			);
			name = InfoPlist.strings;
			sourceTree = "<group>";
		};
		F1FAB5B217C1A5E000742AA4 /* ViewController.xib */ = {
			isa = PBXVariantGroup;
			children = (
				F1FAB5B317C1A5E000742AA4 /* en */,
			);
			name = ViewController.xib;
			sourceTree = "<group>";
		};
		F1FAB5C417C1A5E100742AA4 /* InfoPlist.strings */ = {
			isa = PBXVariantGroup;
			children = (
				F1FAB5C517C1A5E100742AA4 /* en */,
			);
			name = InfoPlist.strings;
			sourceTree = "<group>";
		};
/* End PBXVariantGroup section */

/* Begin XCBuildConfiguration section */
		F1FAB5CA17C1A5E100742AA4 /* Debug */ = {
			isa = XCBuildConfiguration;
			buildSettings = {
				ALWAYS_SEARCH_USER_PATHS = NO;
				CLANG_CXX_LANGUAGE_STANDARD = "gnu++0x";
				CLANG_CXX_LIBRARY = "libc++";
				CLANG_ENABLE_OBJC_ARC = YES;
				CLANG_WARN_CONSTANT_CONVERSION = YES;
				CLANG_WARN_EMPTY_BODY = YES;
				CLANG_WARN_ENUM_CONVERSION = YES;
				CLANG_WARN_INT_CONVERSION = YES;
				CLANG_WARN__DUPLICATE_METHOD_MATCH = YES;
				"CODE_SIGN_IDENTITY[sdk=iphoneos*]" = "iPhone Developer";
				COPY_PHASE_STRIP = NO;
				GCC_C_LANGUAGE_STANDARD = gnu99;
				GCC_DYNAMIC_NO_PIC = NO;
				GCC_OPTIMIZATION_LEVEL = 0;
				GCC_PREPROCESSOR_DEFINITIONS = (
					"DEBUG=1",
					"$(inherited)",
				);
				GCC_SYMBOLS_PRIVATE_EXTERN = NO;
				GCC_WARN_ABOUT_RETURN_TYPE = YES;
				GCC_WARN_UNINITIALIZED_AUTOS = YES;
				GCC_WARN_UNUSED_VARIABLE = YES;
				IPHONEOS_DEPLOYMENT_TARGET = 6.1;
				ONLY_ACTIVE_ARCH = YES;
				SDKROOT = iphoneos;
			};
			name = Debug;
		};
		F1FAB5CB17C1A5E100742AA4 /* Release */ = {
			isa = XCBuildConfiguration;
			buildSettings = {
				ALWAYS_SEARCH_USER_PATHS = NO;
				CLANG_CXX_LANGUAGE_STANDARD = "gnu++0x";
				CLANG_CXX_LIBRARY = "libc++";
				CLANG_ENABLE_OBJC_ARC = YES;
				CLANG_WARN_CONSTANT_CONVERSION = YES;
				CLANG_WARN_EMPTY_BODY = YES;
				CLANG_WARN_ENUM_CONVERSION = YES;
				CLANG_WARN_INT_CONVERSION = YES;
				CLANG_WARN__DUPLICATE_METHOD_MATCH = YES;
				"CODE_SIGN_IDENTITY[sdk=iphoneos*]" = "iPhone Developer";
				COPY_PHASE_STRIP = YES;
				GCC_C_LANGUAGE_STANDARD = gnu99;
				GCC_WARN_ABOUT_RETURN_TYPE = YES;
				GCC_WARN_UNINITIALIZED_AUTOS = YES;
				GCC_WARN_UNUSED_VARIABLE = YES;
				IPHONEOS_DEPLOYMENT_TARGET = 6.1;
				OTHER_CFLAGS = "-DNS_BLOCK_ASSERTIONS=1";
				SDKROOT = iphoneos;
				VALIDATE_PRODUCT = YES;
			};
			name = Release;
		};
		F1FAB5CD17C1A5E100742AA4 /* Debug */ = {
			isa = XCBuildConfiguration;
			buildSettings = {
				GCC_PRECOMPILE_PREFIX_HEADER = YES;
				GCC_PREFIX_HEADER = "MongooseFixed/MongooseFixed-Prefix.pch";
				INFOPLIST_FILE = "MongooseFixed/MongooseFixed-Info.plist";
				PRODUCT_NAME = "$(TARGET_NAME)";
				WRAPPER_EXTENSION = app;
			};
			name = Debug;
		};
		F1FAB5CE17C1A5E100742AA4 /* Release */ = {
			isa = XCBuildConfiguration;
			buildSettings = {
				GCC_PRECOMPILE_PREFIX_HEADER = YES;
				GCC_PREFIX_HEADER = "MongooseFixed/MongooseFixed-Prefix.pch";
				INFOPLIST_FILE = "MongooseFixed/MongooseFixed-Info.plist";
				PRODUCT_NAME = "$(TARGET_NAME)";
				WRAPPER_EXTENSION = app;
			};
			name = Release;
		};
		F1FAB5D017C1A5E100742AA4 /* Debug */ = {
			isa = XCBuildConfiguration;
			buildSettings = {
				BUNDLE_LOADER = "$(BUILT_PRODUCTS_DIR)/MongooseFixed.app/MongooseFixed";
				FRAMEWORK_SEARCH_PATHS = (
					"\"$(SDKROOT)/Developer/Library/Frameworks\"",
					"\"$(DEVELOPER_LIBRARY_DIR)/Frameworks\"",
				);
				GCC_PRECOMPILE_PREFIX_HEADER = YES;
				GCC_PREFIX_HEADER = "MongooseFixed/MongooseFixed-Prefix.pch";
				INFOPLIST_FILE = "MongooseFixedTests/MongooseFixedTests-Info.plist";
				PRODUCT_NAME = "$(TARGET_NAME)";
				TEST_HOST = "$(BUNDLE_LOADER)";
				WRAPPER_EXTENSION = octest;
			};
			name = Debug;
		};
		F1FAB5D117C1A5E100742AA4 /* Release */ = {
			isa = XCBuildConfiguration;
			buildSettings = {
				BUNDLE_LOADER = "$(BUILT_PRODUCTS_DIR)/MongooseFixed.app/MongooseFixed";
				FRAMEWORK_SEARCH_PATHS = (
					"\"$(SDKROOT)/Developer/Library/Frameworks\"",
					"\"$(DEVELOPER_LIBRARY_DIR)/Frameworks\"",
				);
				GCC_PRECOMPILE_PREFIX_HEADER = YES;
				GCC_PREFIX_HEADER = "MongooseFixed/MongooseFixed-Prefix.pch";
				INFOPLIST_FILE = "MongooseFixedTests/MongooseFixedTests-Info.plist";
				PRODUCT_NAME = "$(TARGET_NAME)";
				TEST_HOST = "$(BUNDLE_LOADER)";
				WRAPPER_EXTENSION = octest;
			};
			name = Release;
		};
/* End XCBuildConfiguration section */

/* Begin XCConfigurationList section */
		F1FAB58F17C1A5E000742AA4 /* Build configuration list for PBXProject "MongooseFixed" */ = {
			isa = XCConfigurationList;
			buildConfigurations = (
				F1FAB5CA17C1A5E100742AA4 /* Debug */,
				F1FAB5CB17C1A5E100742AA4 /* Release */,
			);
			defaultConfigurationIsVisible = 0;
			defaultConfigurationName = Release;
		};
		F1FAB5CC17C1A5E100742AA4 /* Build configuration list for PBXNativeTarget "MongooseFixed" */ = {
			isa = XCConfigurationList;
			buildConfigurations = (
				F1FAB5CD17C1A5E100742AA4 /* Debug */,
				F1FAB5CE17C1A5E100742AA4 /* Release */,
			);
			defaultConfigurationIsVisible = 0;
			defaultConfigurationName = Release;
		};
		F1FAB5CF17C1A5E100742AA4 /* Build configuration list for PBXNativeTarget "MongooseFixedTests" */ = {
			isa = XCConfigurationList;
			buildConfigurations = (
				F1FAB5D017C1A5E100742AA4 /* Debug */,
				F1FAB5D117C1A5E100742AA4 /* Release */,
			);
			defaultConfigurationIsVisible = 0;
			defaultConfigurationName = Release;
		};
/* End XCConfigurationList section */
	};
	rootObject = F1FAB58C17C1A5E000742AA4 /* Project object */;
}
